
Microsoft Visual Studio Solution File, Format Version 12.00
# Visual Studio Version 16
VisualStudioVersion = 16.0.31605.320
MinimumVisualStudioVersion = 10.0.40219.1
Project("{FAE04EC0-301F-11D3-BF4B-00C04F79EFBC}") = "AstoriaLibsUWP", "AstoriaLibsUWP\AstoriaLibsUWP.csproj", "{DADB794C-C43B-426B-A8A8-02D7976E2D43}"
EndProject
Project("{FAE04EC0-301F-11D3-BF4B-00C04F79EFBC}") = "Microsoft.Arcadia.Debugging.SharedUtils.Portable", "Microsoft.Arcadia.Debugging.SharedUtils.Portable\Microsoft.Arcadia.Debugging.SharedUtils.Portable.csproj", "{260C21E2-6F75-420C-9886-FD522C8B5FF8}"
EndProject
Project("{FAE04EC0-301F-11D3-BF4B-00C04F79EFBC}") = "Microsoft.Arcadia.Debugging.AdbEngine.Portable", "Microsoft.Arcadia.Debugging.AdbEngine.Portable\Microsoft.Arcadia.Debugging.AdbEngine.Portable.csproj", "{989825AE-6523-491C-940F-29E84B3B082E}"
EndProject
Project("{FAE04EC0-301F-11D3-BF4B-00C04F79EFBC}") = "Microsoft.Arcadia.Debugging.AdbAgent.Mobile", "Microsoft.Arcadia.Debugging.AdbAgent.Mobile\Microsoft.Arcadia.Debugging.AdbAgent.Mobile.csproj", "{6F3776A1-2DCC-4CA9-AC8E-4B874950510B}"
EndProject
Project("{FAE04EC0-301F-11D3-BF4B-00C04F79EFBC}") = "Microsoft.Arcadia.Debugging.AdbAgent.Portable", "Microsoft.Arcadia.Debugging.AdbAgent.Portable\Microsoft.Arcadia.Debugging.AdbAgent.Portable.csproj", "{E303CC64-980D-4B0F-BD8D-783B878944A6}"
EndProject
Project("{FAE04EC0-301F-11D3-BF4B-00C04F79EFBC}") = "Microsoft.Arcadia.Debugging.AdbProtocol.Portable", "Microsoft.Arcadia.Debugging.AdbProtocol.Portable\Microsoft.Arcadia.Debugging.AdbProtocol.Portable.csproj", "{57A30DD3-88BC-4FAF-82DE-32B49EB12222}"
EndProject
Project("{FAE04EC0-301F-11D3-BF4B-00C04F79EFBC}") = "Microsoft.Arcadia.Debugging.AdbEngine.Mobile", "Microsoft.Arcadia.Debugging.AdbEngine.Mobile\Microsoft.Arcadia.Debugging.AdbEngine.Mobile.csproj", "{2D9D8DF3-9151-4E26-82C3-47D7FCE72722}"
EndProject
Project("{FAE04EC0-301F-11D3-BF4B-00C04F79EFBC}") = "Microsoft.Arcadia.Marketplace.Converter", "Microsoft.Arcadia.Marketplace.Converter\Microsoft.Arcadia.Marketplace.Converter.csproj", "{4E572837-A472-4589-BB77-924EA3678033}"
EndProject
Project("{FAE04EC0-301F-11D3-BF4B-00C04F79EFBC}") = "Microsoft.Arcadia.Marketplace.Decoder.Portable", "Microsoft.Arcadia.Marketplace.Decoder.Portable\Microsoft.Arcadia.Marketplace.Decoder.Portable.csproj", "{AF2B5411-1A26-42E4-B798-BA5CBF416D70}"
EndProject
Project("{FAE04EC0-301F-11D3-BF4B-00C04F79EFBC}") = "Microsoft.Arcadia.Marketplace.IconProcessor", "Microsoft.Arcadia.Marketplace.IconProcessor\Microsoft.Arcadia.Marketplace.IconProcessor.csproj", "{F8D2C7C4-F768-4BD0-9B58-733D94ED46F2}"
EndProject
Project("{FAE04EC0-301F-11D3-BF4B-00C04F79EFBC}") = "Microsoft.Arcadia.Marketplace.PackageObjectModel", "Microsoft.Arcadia.Marketplace.PackageObjectModel\Microsoft.Arcadia.Marketplace.PackageObjectModel.csproj", "{84C8A9B6-7EF1-4A3C-B157-10859A615C3D}"
EndProject
Project("{FAE04EC0-301F-11D3-BF4B-00C04F79EFBC}") = "Microsoft.Arcadia.Marketplace.Utils", "Microsoft.Arcadia.Marketplace.Utils\Microsoft.Arcadia.Marketplace.Utils.csproj", "{8FE9E78E-27F1-45B6-9343-599FE2D718BF}"
EndProject
Project("{FAE04EC0-301F-11D3-BF4B-00C04F79EFBC}") = "Microsoft.Arcadia.Marketplace.PackageTableObjectModel.Portable", "Microsoft.Arcadia.Marketplace.PackageTableObjectModel.Portable\Microsoft.Arcadia.Marketplace.PackageTableObjectModel.Portable.csproj", "{0204FFF1-CB2C-47D9-9877-680C14692FE4}"
EndProject
Project("{FAE04EC0-301F-11D3-BF4B-00C04F79EFBC}") = "AowUser", "AowUser\AowUser.csproj", "{3DD785FF-5F5D-4A0D-B803-CA756688D012}"
EndProject
Global
	GlobalSection(SolutionConfigurationPlatforms) = preSolution
		Debug|Any CPU = Debug|Any CPU
		Debug|ARM = Debug|ARM
		Debug|ARM64 = Debug|ARM64
		Debug|x64 = Debug|x64
		Debug|x86 = Debug|x86
		Release|Any CPU = Release|Any CPU
		Release|ARM = Release|ARM
		Release|ARM64 = Release|ARM64
		Release|x64 = Release|x64
		Release|x86 = Release|x86
	EndGlobalSection
	GlobalSection(ProjectConfigurationPlatforms) = postSolution
		{DADB794C-C43B-426B-A8A8-02D7976E2D43}.Debug|Any CPU.ActiveCfg = Debug|Any CPU
		{DADB794C-C43B-426B-A8A8-02D7976E2D43}.Debug|Any CPU.Build.0 = Debug|Any CPU
		{DADB794C-C43B-426B-A8A8-02D7976E2D43}.Debug|ARM.ActiveCfg = Debug|ARM
		{DADB794C-C43B-426B-A8A8-02D7976E2D43}.Debug|ARM.Build.0 = Debug|ARM
		{DADB794C-C43B-426B-A8A8-02D7976E2D43}.Debug|ARM64.ActiveCfg = Debug|ARM64
		{DADB794C-C43B-426B-A8A8-02D7976E2D43}.Debug|ARM64.Build.0 = Debug|ARM64
		{DADB794C-C43B-426B-A8A8-02D7976E2D43}.Debug|x64.ActiveCfg = Debug|x64
		{DADB794C-C43B-426B-A8A8-02D7976E2D43}.Debug|x64.Build.0 = Debug|x64
		{DADB794C-C43B-426B-A8A8-02D7976E2D43}.Debug|x86.ActiveCfg = Debug|x86
		{DADB794C-C43B-426B-A8A8-02D7976E2D43}.Debug|x86.Build.0 = Debug|x86
		{DADB794C-C43B-426B-A8A8-02D7976E2D43}.Release|Any CPU.ActiveCfg = Release|Any CPU
		{DADB794C-C43B-426B-A8A8-02D7976E2D43}.Release|Any CPU.Build.0 = Release|Any CPU
		{DADB794C-C43B-426B-A8A8-02D7976E2D43}.Release|ARM.ActiveCfg = Release|ARM
		{DADB794C-C43B-426B-A8A8-02D7976E2D43}.Release|ARM.Build.0 = Release|ARM
		{DADB794C-C43B-426B-A8A8-02D7976E2D43}.Release|ARM64.ActiveCfg = Release|ARM64
		{DADB794C-C43B-426B-A8A8-02D7976E2D43}.Release|ARM64.Build.0 = Release|ARM64
		{DADB794C-C43B-426B-A8A8-02D7976E2D43}.Release|x64.ActiveCfg = Release|x64
		{DADB794C-C43B-426B-A8A8-02D7976E2D43}.Release|x64.Build.0 = Release|x64
		{DADB794C-C43B-426B-A8A8-02D7976E2D43}.Release|x86.ActiveCfg = Release|x86
		{DADB794C-C43B-426B-A8A8-02D7976E2D43}.Release|x86.Build.0 = Release|x86
		{260C21E2-6F75-420C-9886-FD522C8B5FF8}.Debug|Any CPU.ActiveCfg = Debug|Any CPU
		{260C21E2-6F75-420C-9886-FD522C8B5FF8}.Debug|Any CPU.Build.0 = Debug|Any CPU
		{260C21E2-6F75-420C-9886-FD522C8B5FF8}.Debug|ARM.ActiveCfg = Debug|ARM
		{260C21E2-6F75-420C-9886-FD522C8B5FF8}.Debug|ARM.Build.0 = Debug|ARM
		{260C21E2-6F75-420C-9886-FD522C8B5FF8}.Debug|ARM64.ActiveCfg = Debug|ARM64
		{260C21E2-6F75-420C-9886-FD522C8B5FF8}.Debug|ARM64.Build.0 = Debug|ARM64
		{260C21E2-6F75-420C-9886-FD522C8B5FF8}.Debug|x64.ActiveCfg = Debug|x64
		{260C21E2-6F75-420C-9886-FD522C8B5FF8}.Debug|x64.Build.0 = Debug|x64
		{260C21E2-6F75-420C-9886-FD522C8B5FF8}.Debug|x86.ActiveCfg = Debug|x86
		{260C21E2-6F75-420C-9886-FD522C8B5FF8}.Debug|x86.Build.0 = Debug|x86
		{260C21E2-6F75-420C-9886-FD522C8B5FF8}.Release|Any CPU.ActiveCfg = Release|Any CPU
		{260C21E2-6F75-420C-9886-FD522C8B5FF8}.Release|Any CPU.Build.0 = Release|Any CPU
		{260C21E2-6F75-420C-9886-FD522C8B5FF8}.Release|ARM.ActiveCfg = Release|ARM
		{260C21E2-6F75-420C-9886-FD522C8B5FF8}.Release|ARM.Build.0 = Release|ARM
		{260C21E2-6F75-420C-9886-FD522C8B5FF8}.Release|ARM64.ActiveCfg = Release|ARM64
		{260C21E2-6F75-420C-9886-FD522C8B5FF8}.Release|ARM64.Build.0 = Release|ARM64
		{260C21E2-6F75-420C-9886-FD522C8B5FF8}.Release|x64.ActiveCfg = Release|x64
		{260C21E2-6F75-420C-9886-FD522C8B5FF8}.Release|x64.Build.0 = Release|x64
		{260C21E2-6F75-420C-9886-FD522C8B5FF8}.Release|x86.ActiveCfg = Release|x86
		{260C21E2-6F75-420C-9886-FD522C8B5FF8}.Release|x86.Build.0 = Release|x86
		{989825AE-6523-491C-940F-29E84B3B082E}.Debug|Any CPU.ActiveCfg = Debug|Any CPU
		{989825AE-6523-491C-940F-29E84B3B082E}.Debug|Any CPU.Build.0 = Debug|Any CPU
		{989825AE-6523-491C-940F-29E84B3B082E}.Debug|ARM.ActiveCfg = Debug|ARM
		{989825AE-6523-491C-940F-29E84B3B082E}.Debug|ARM.Build.0 = Debug|ARM
		{989825AE-6523-491C-940F-29E84B3B082E}.Debug|ARM64.ActiveCfg = Debug|ARM64
		{989825AE-6523-491C-940F-29E84B3B082E}.Debug|ARM64.Build.0 = Debug|ARM64
		{989825AE-6523-491C-940F-29E84B3B082E}.Debug|x64.ActiveCfg = Debug|x64
		{989825AE-6523-491C-940F-29E84B3B082E}.Debug|x64.Build.0 = Debug|x64
		{989825AE-6523-491C-940F-29E84B3B082E}.Debug|x86.ActiveCfg = Debug|x86
		{989825AE-6523-491C-940F-29E84B3B082E}.Debug|x86.Build.0 = Debug|x86
		{989825AE-6523-491C-940F-29E84B3B082E}.Release|Any CPU.ActiveCfg = Release|Any CPU
		{989825AE-6523-491C-940F-29E84B3B082E}.Release|Any CPU.Build.0 = Release|Any CPU
		{989825AE-6523-491C-940F-29E84B3B082E}.Release|ARM.ActiveCfg = Release|ARM
		{989825AE-6523-491C-940F-29E84B3B082E}.Release|ARM.Build.0 = Release|ARM
		{989825AE-6523-491C-940F-29E84B3B082E}.Release|ARM64.ActiveCfg = Release|ARM64
		{989825AE-6523-491C-940F-29E84B3B082E}.Release|ARM64.Build.0 = Release|ARM64
		{989825AE-6523-491C-940F-29E84B3B082E}.Release|x64.ActiveCfg = Release|x64
		{989825AE-6523-491C-940F-29E84B3B082E}.Release|x64.Build.0 = Release|x64
		{989825AE-6523-491C-940F-29E84B3B082E}.Release|x86.ActiveCfg = Release|x86
		{989825AE-6523-491C-940F-29E84B3B082E}.Release|x86.Build.0 = Release|x86
		{6F3776A1-2DCC-4CA9-AC8E-4B874950510B}.Debug|Any CPU.ActiveCfg = Debug|Any CPU
		{6F3776A1-2DCC-4CA9-AC8E-4B874950510B}.Debug|Any CPU.Build.0 = Debug|Any CPU
		{6F3776A1-2DCC-4CA9-AC8E-4B874950510B}.Debug|ARM.ActiveCfg = Debug|ARM
		{6F3776A1-2DCC-4CA9-AC8E-4B874950510B}.Debug|ARM.Build.0 = Debug|ARM
		{6F3776A1-2DCC-4CA9-AC8E-4B874950510B}.Debug|ARM64.ActiveCfg = Debug|ARM64
		{6F3776A1-2DCC-4CA9-AC8E-4B874950510B}.Debug|ARM64.Build.0 = Debug|ARM64
		{6F3776A1-2DCC-4CA9-AC8E-4B874950510B}.Debug|x64.ActiveCfg = Debug|x64
		{6F3776A1-2DCC-4CA9-AC8E-4B874950510B}.Debug|x64.Build.0 = Debug|x64
		{6F3776A1-2DCC-4CA9-AC8E-4B874950510B}.Debug|x86.ActiveCfg = Debug|x86
		{6F3776A1-2DCC-4CA9-AC8E-4B874950510B}.Debug|x86.Build.0 = Debug|x86
		{6F3776A1-2DCC-4CA9-AC8E-4B874950510B}.Release|Any CPU.ActiveCfg = Release|Any CPU
		{6F3776A1-2DCC-4CA9-AC8E-4B874950510B}.Release|Any CPU.Build.0 = Release|Any CPU
		{6F3776A1-2DCC-4CA9-AC8E-4B874950510B}.Release|ARM.ActiveCfg = Release|ARM
		{6F3776A1-2DCC-4CA9-AC8E-4B874950510B}.Release|ARM.Build.0 = Release|ARM
		{6F3776A1-2DCC-4CA9-AC8E-4B874950510B}.Release|ARM64.ActiveCfg = Release|ARM64
		{6F3776A1-2DCC-4CA9-AC8E-4B874950510B}.Release|ARM64.Build.0 = Release|ARM64
		{6F3776A1-2DCC-4CA9-AC8E-4B874950510B}.Release|x64.ActiveCfg = Release|x64
		{6F3776A1-2DCC-4CA9-AC8E-4B874950510B}.Release|x64.Build.0 = Release|x64
		{6F3776A1-2DCC-4CA9-AC8E-4B874950510B}.Release|x86.ActiveCfg = Release|x86
		{6F3776A1-2DCC-4CA9-AC8E-4B874950510B}.Release|x86.Build.0 = Release|x86
		{E303CC64-980D-4B0F-BD8D-783B878944A6}.Debug|Any CPU.ActiveCfg = Debug|Any CPU
		{E303CC64-980D-4B0F-BD8D-783B878944A6}.Debug|Any CPU.Build.0 = Debug|Any CPU
		{E303CC64-980D-4B0F-BD8D-783B878944A6}.Debug|ARM.ActiveCfg = Debug|ARM
		{E303CC64-980D-4B0F-BD8D-783B878944A6}.Debug|ARM.Build.0 = Debug|ARM
		{E303CC64-980D-4B0F-BD8D-783B878944A6}.Debug|ARM64.ActiveCfg = Debug|ARM64
		{E303CC64-980D-4B0F-BD8D-783B878944A6}.Debug|ARM64.Build.0 = Debug|ARM64
		{E303CC64-980D-4B0F-BD8D-783B878944A6}.Debug|x64.ActiveCfg = Debug|x64
		{E303CC64-980D-4B0F-BD8D-783B878944A6}.Debug|x64.Build.0 = Debug|x64
		{E303CC64-980D-4B0F-BD8D-783B878944A6}.Debug|x86.ActiveCfg = Debug|x86
		{E303CC64-980D-4B0F-BD8D-783B878944A6}.Debug|x86.Build.0 = Debug|x86
		{E303CC64-980D-4B0F-BD8D-783B878944A6}.Release|Any CPU.ActiveCfg = Release|Any CPU
		{E303CC64-980D-4B0F-BD8D-783B878944A6}.Release|Any CPU.Build.0 = Release|Any CPU
		{E303CC64-980D-4B0F-BD8D-783B878944A6}.Release|ARM.ActiveCfg = Release|ARM
		{E303CC64-980D-4B0F-BD8D-783B878944A6}.Release|ARM.Build.0 = Release|ARM
		{E303CC64-980D-4B0F-BD8D-783B878944A6}.Release|ARM64.ActiveCfg = Release|ARM64
		{E303CC64-980D-4B0F-BD8D-783B878944A6}.Release|ARM64.Build.0 = Release|ARM64
		{E303CC64-980D-4B0F-BD8D-783B878944A6}.Release|x64.ActiveCfg = Release|x64
		{E303CC64-980D-4B0F-BD8D-783B878944A6}.Release|x64.Build.0 = Release|x64
		{E303CC64-980D-4B0F-BD8D-783B878944A6}.Release|x86.ActiveCfg = Release|x86
		{E303CC64-980D-4B0F-BD8D-783B878944A6}.Release|x86.Build.0 = Release|x86
		{57A30DD3-88BC-4FAF-82DE-32B49EB12222}.Debug|Any CPU.ActiveCfg = Debug|Any CPU
		{57A30DD3-88BC-4FAF-82DE-32B49EB12222}.Debug|Any CPU.Build.0 = Debug|Any CPU
		{57A30DD3-88BC-4FAF-82DE-32B49EB12222}.Debug|ARM.ActiveCfg = Debug|ARM
		{57A30DD3-88BC-4FAF-82DE-32B49EB12222}.Debug|ARM.Build.0 = Debug|ARM
		{57A30DD3-88BC-4FAF-82DE-32B49EB12222}.Debug|ARM64.ActiveCfg = Debug|ARM64
		{57A30DD3-88BC-4FAF-82DE-32B49EB12222}.Debug|ARM64.Build.0 = Debug|ARM64
		{57A30DD3-88BC-4FAF-82DE-32B49EB12222}.Debug|x64.ActiveCfg = Debug|x64
		{57A30DD3-88BC-4FAF-82DE-32B49EB12222}.Debug|x64.Build.0 = Debug|x64
		{57A30DD3-88BC-4FAF-82DE-32B49EB12222}.Debug|x86.ActiveCfg = Debug|x86
		{57A30DD3-88BC-4FAF-82DE-32B49EB12222}.Debug|x86.Build.0 = Debug|x86
		{57A30DD3-88BC-4FAF-82DE-32B49EB12222}.Release|Any CPU.ActiveCfg = Release|Any CPU
		{57A30DD3-88BC-4FAF-82DE-32B49EB12222}.Release|Any CPU.Build.0 = Release|Any CPU
		{57A30DD3-88BC-4FAF-82DE-32B49EB12222}.Release|ARM.ActiveCfg = Release|ARM
		{57A30DD3-88BC-4FAF-82DE-32B49EB12222}.Release|ARM.Build.0 = Release|ARM
		{57A30DD3-88BC-4FAF-82DE-32B49EB12222}.Release|ARM64.ActiveCfg = Release|ARM64
		{57A30DD3-88BC-4FAF-82DE-32B49EB12222}.Release|ARM64.Build.0 = Release|ARM64
		{57A30DD3-88BC-4FAF-82DE-32B49EB12222}.Release|x64.ActiveCfg = Release|x64
		{57A30DD3-88BC-4FAF-82DE-32B49EB12222}.Release|x64.Build.0 = Release|x64
		{57A30DD3-88BC-4FAF-82DE-32B49EB12222}.Release|x86.ActiveCfg = Release|x86
		{57A30DD3-88BC-4FAF-82DE-32B49EB12222}.Release|x86.Build.0 = Release|x86
		{2D9D8DF3-9151-4E26-82C3-47D7FCE72722}.Debug|Any CPU.ActiveCfg = Debug|Any CPU
		{2D9D8DF3-9151-4E26-82C3-47D7FCE72722}.Debug|Any CPU.Build.0 = Debug|Any CPU
		{2D9D8DF3-9151-4E26-82C3-47D7FCE72722}.Debug|ARM.ActiveCfg = Debug|ARM
		{2D9D8DF3-9151-4E26-82C3-47D7FCE72722}.Debug|ARM.Build.0 = Debug|ARM
		{2D9D8DF3-9151-4E26-82C3-47D7FCE72722}.Debug|ARM64.ActiveCfg = Debug|ARM64
		{2D9D8DF3-9151-4E26-82C3-47D7FCE72722}.Debug|ARM64.Build.0 = Debug|ARM64
		{2D9D8DF3-9151-4E26-82C3-47D7FCE72722}.Debug|x64.ActiveCfg = Debug|x64
		{2D9D8DF3-9151-4E26-82C3-47D7FCE72722}.Debug|x64.Build.0 = Debug|x64
		{2D9D8DF3-9151-4E26-82C3-47D7FCE72722}.Debug|x86.ActiveCfg = Debug|x86
		{2D9D8DF3-9151-4E26-82C3-47D7FCE72722}.Debug|x86.Build.0 = Debug|x86
		{2D9D8DF3-9151-4E26-82C3-47D7FCE72722}.Release|Any CPU.ActiveCfg = Release|Any CPU
		{2D9D8DF3-9151-4E26-82C3-47D7FCE72722}.Release|Any CPU.Build.0 = Release|Any CPU
		{2D9D8DF3-9151-4E26-82C3-47D7FCE72722}.Release|ARM.ActiveCfg = Release|ARM
		{2D9D8DF3-9151-4E26-82C3-47D7FCE72722}.Release|ARM.Build.0 = Release|ARM
		{2D9D8DF3-9151-4E26-82C3-47D7FCE72722}.Release|ARM64.ActiveCfg = Release|ARM64
		{2D9D8DF3-9151-4E26-82C3-47D7FCE72722}.Release|ARM64.Build.0 = Release|ARM64
		{2D9D8DF3-9151-4E26-82C3-47D7FCE72722}.Release|x64.ActiveCfg = Release|x64
		{2D9D8DF3-9151-4E26-82C3-47D7FCE72722}.Release|x64.Build.0 = Release|x64
		{2D9D8DF3-9151-4E26-82C3-47D7FCE72722}.Release|x86.ActiveCfg = Release|x86
		{2D9D8DF3-9151-4E26-82C3-47D7FCE72722}.Release|x86.Build.0 = Release|x86
		{4E572837-A472-4589-BB77-924EA3678033}.Debug|Any CPU.ActiveCfg = Debug|Any CPU
		{4E572837-A472-4589-BB77-924EA3678033}.Debug|Any CPU.Build.0 = Debug|Any CPU
		{4E572837-A472-4589-BB77-924EA3678033}.Debug|ARM.ActiveCfg = Debug|ARM
		{4E572837-A472-4589-BB77-924EA3678033}.Debug|ARM.Build.0 = Debug|ARM
		{4E572837-A472-4589-BB77-924EA3678033}.Debug|ARM64.ActiveCfg = Debug|ARM64
		{4E572837-A472-4589-BB77-924EA3678033}.Debug|ARM64.Build.0 = Debug|ARM64
		{4E572837-A472-4589-BB77-924EA3678033}.Debug|x64.ActiveCfg = Debug|x64
		{4E572837-A472-4589-BB77-924EA3678033}.Debug|x64.Build.0 = Debug|x64
		{4E572837-A472-4589-BB77-924EA3678033}.Debug|x86.ActiveCfg = Debug|x86
		{4E572837-A472-4589-BB77-924EA3678033}.Debug|x86.Build.0 = Debug|x86
		{4E572837-A472-4589-BB77-924EA3678033}.Release|Any CPU.ActiveCfg = Release|Any CPU
		{4E572837-A472-4589-BB77-924EA3678033}.Release|Any CPU.Build.0 = Release|Any CPU
		{4E572837-A472-4589-BB77-924EA3678033}.Release|ARM.ActiveCfg = Release|ARM
		{4E572837-A472-4589-BB77-924EA3678033}.Release|ARM.Build.0 = Release|ARM
		{4E572837-A472-4589-BB77-924EA3678033}.Release|ARM64.ActiveCfg = Release|ARM64
		{4E572837-A472-4589-BB77-924EA3678033}.Release|ARM64.Build.0 = Release|ARM64
		{4E572837-A472-4589-BB77-924EA3678033}.Release|x64.ActiveCfg = Release|x64
		{4E572837-A472-4589-BB77-924EA3678033}.Release|x64.Build.0 = Release|x64
		{4E572837-A472-4589-BB77-924EA3678033}.Release|x86.ActiveCfg = Release|x86
		{4E572837-A472-4589-BB77-924EA3678033}.Release|x86.Build.0 = Release|x86
		{AF2B5411-1A26-42E4-B798-BA5CBF416D70}.Debug|Any CPU.ActiveCfg = Debug|Any CPU
		{AF2B5411-1A26-42E4-B798-BA5CBF416D70}.Debug|Any CPU.Build.0 = Debug|Any CPU
		{AF2B5411-1A26-42E4-B798-BA5CBF416D70}.Debug|ARM.ActiveCfg = Debug|ARM
		{AF2B5411-1A26-42E4-B798-BA5CBF416D70}.Debug|ARM.Build.0 = Debug|ARM
		{AF2B5411-1A26-42E4-B798-BA5CBF416D70}.Debug|ARM64.ActiveCfg = Debug|ARM64
		{AF2B5411-1A26-42E4-B798-BA5CBF416D70}.Debug|ARM64.Build.0 = Debug|ARM64
		{AF2B5411-1A26-42E4-B798-BA5CBF416D70}.Debug|x64.ActiveCfg = Debug|x64
		{AF2B5411-1A26-42E4-B798-BA5CBF416D70}.Debug|x64.Build.0 = Debug|x64
		{AF2B5411-1A26-42E4-B798-BA5CBF416D70}.Debug|x86.ActiveCfg = Debug|x86
		{AF2B5411-1A26-42E4-B798-BA5CBF416D70}.Debug|x86.Build.0 = Debug|x86
		{AF2B5411-1A26-42E4-B798-BA5CBF416D70}.Release|Any CPU.ActiveCfg = Release|Any CPU
		{AF2B5411-1A26-42E4-B798-BA5CBF416D70}.Release|Any CPU.Build.0 = Release|Any CPU
		{AF2B5411-1A26-42E4-B798-BA5CBF416D70}.Release|ARM.ActiveCfg = Release|ARM
		{AF2B5411-1A26-42E4-B798-BA5CBF416D70}.Release|ARM.Build.0 = Release|ARM
		{AF2B5411-1A26-42E4-B798-BA5CBF416D70}.Release|ARM64.ActiveCfg = Release|ARM64
		{AF2B5411-1A26-42E4-B798-BA5CBF416D70}.Release|ARM64.Build.0 = Release|ARM64
		{AF2B5411-1A26-42E4-B798-BA5CBF416D70}.Release|x64.ActiveCfg = Release|x64
		{AF2B5411-1A26-42E4-B798-BA5CBF416D70}.Release|x64.Build.0 = Release|x64
		{AF2B5411-1A26-42E4-B798-BA5CBF416D70}.Release|x86.ActiveCfg = Release|x86
		{AF2B5411-1A26-42E4-B798-BA5CBF416D70}.Release|x86.Build.0 = Release|x86
		{F8D2C7C4-F768-4BD0-9B58-733D94ED46F2}.Debug|Any CPU.ActiveCfg = Debug|Any CPU
		{F8D2C7C4-F768-4BD0-9B58-733D94ED46F2}.Debug|Any CPU.Build.0 = Debug|Any CPU
		{F8D2C7C4-F768-4BD0-9B58-733D94ED46F2}.Debug|ARM.ActiveCfg = Debug|ARM
		{F8D2C7C4-F768-4BD0-9B58-733D94ED46F2}.Debug|ARM.Build.0 = Debug|ARM
		{F8D2C7C4-F768-4BD0-9B58-733D94ED46F2}.Debug|ARM64.ActiveCfg = Debug|ARM64
		{F8D2C7C4-F768-4BD0-9B58-733D94ED46F2}.Debug|ARM64.Build.0 = Debug|ARM64
		{F8D2C7C4-F768-4BD0-9B58-733D94ED46F2}.Debug|x64.ActiveCfg = Debug|x64
		{F8D2C7C4-F768-4BD0-9B58-733D94ED46F2}.Debug|x64.Build.0 = Debug|x64
		{F8D2C7C4-F768-4BD0-9B58-733D94ED46F2}.Debug|x86.ActiveCfg = Debug|x86
		{F8D2C7C4-F768-4BD0-9B58-733D94ED46F2}.Debug|x86.Build.0 = Debug|x86
		{F8D2C7C4-F768-4BD0-9B58-733D94ED46F2}.Release|Any CPU.ActiveCfg = Release|Any CPU
		{F8D2C7C4-F768-4BD0-9B58-733D94ED46F2}.Release|Any CPU.Build.0 = Release|Any CPU
		{F8D2C7C4-F768-4BD0-9B58-733D94ED46F2}.Release|ARM.ActiveCfg = Release|ARM
		{F8D2C7C4-F768-4BD0-9B58-733D94ED46F2}.Release|ARM.Build.0 = Release|ARM
		{F8D2C7C4-F768-4BD0-9B58-733D94ED46F2}.Release|ARM64.ActiveCfg = Release|ARM64
		{F8D2C7C4-F768-4BD0-9B58-733D94ED46F2}.Release|ARM64.Build.0 = Release|ARM64
		{F8D2C7C4-F768-4BD0-9B58-733D94ED46F2}.Release|x64.ActiveCfg = Release|x64
		{F8D2C7C4-F768-4BD0-9B58-733D94ED46F2}.Release|x64.Build.0 = Release|x64
		{F8D2C7C4-F768-4BD0-9B58-733D94ED46F2}.Release|x86.ActiveCfg = Release|x86
		{F8D2C7C4-F768-4BD0-9B58-733D94ED46F2}.Release|x86.Build.0 = Release|x86
		{84C8A9B6-7EF1-4A3C-B157-10859A615C3D}.Debug|Any CPU.ActiveCfg = Debug|Any CPU
		{84C8A9B6-7EF1-4A3C-B157-10859A615C3D}.Debug|Any CPU.Build.0 = Debug|Any CPU
		{84C8A9B6-7EF1-4A3C-B157-10859A615C3D}.Debug|ARM.ActiveCfg = Debug|ARM
		{84C8A9B6-7EF1-4A3C-B157-10859A615C3D}.Debug|ARM.Build.0 = Debug|ARM
		{84C8A9B6-7EF1-4A3C-B157-10859A615C3D}.Debug|ARM64.ActiveCfg = Debug|ARM64
		{84C8A9B6-7EF1-4A3C-B157-10859A615C3D}.Debug|ARM64.Build.0 = Debug|ARM64
		{84C8A9B6-7EF1-4A3C-B157-10859A615C3D}.Debug|x64.ActiveCfg = Debug|x64
		{84C8A9B6-7EF1-4A3C-B157-10859A615C3D}.Debug|x64.Build.0 = Debug|x64
		{84C8A9B6-7EF1-4A3C-B157-10859A615C3D}.Debug|x86.ActiveCfg = Debug|x86
		{84C8A9B6-7EF1-4A3C-B157-10859A615C3D}.Debug|x86.Build.0 = Debug|x86
		{84C8A9B6-7EF1-4A3C-B157-10859A615C3D}.Release|Any CPU.ActiveCfg = Release|Any CPU
		{84C8A9B6-7EF1-4A3C-B157-10859A615C3D}.Release|Any CPU.Build.0 = Release|Any CPU
		{84C8A9B6-7EF1-4A3C-B157-10859A615C3D}.Release|ARM.ActiveCfg = Release|ARM
		{84C8A9B6-7EF1-4A3C-B157-10859A615C3D}.Release|ARM.Build.0 = Release|ARM
		{84C8A9B6-7EF1-4A3C-B157-10859A615C3D}.Release|ARM64.ActiveCfg = Release|ARM64
		{84C8A9B6-7EF1-4A3C-B157-10859A615C3D}.Release|ARM64.Build.0 = Release|ARM64
		{84C8A9B6-7EF1-4A3C-B157-10859A615C3D}.Release|x64.ActiveCfg = Release|x64
		{84C8A9B6-7EF1-4A3C-B157-10859A615C3D}.Release|x64.Build.0 = Release|x64
		{84C8A9B6-7EF1-4A3C-B157-10859A615C3D}.Release|x86.ActiveCfg = Release|x86
		{84C8A9B6-7EF1-4A3C-B157-10859A615C3D}.Release|x86.Build.0 = Release|x86
		{8FE9E78E-27F1-45B6-9343-599FE2D718BF}.Debug|Any CPU.ActiveCfg = Debug|Any CPU
		{8FE9E78E-27F1-45B6-9343-599FE2D718BF}.Debug|Any CPU.Build.0 = Debug|Any CPU
		{8FE9E78E-27F1-45B6-9343-599FE2D718BF}.Debug|ARM.ActiveCfg = Debug|ARM
		{8FE9E78E-27F1-45B6-9343-599FE2D718BF}.Debug|ARM.Build.0 = Debug|ARM
		{8FE9E78E-27F1-45B6-9343-599FE2D718BF}.Debug|ARM64.ActiveCfg = Debug|ARM64
		{8FE9E78E-27F1-45B6-9343-599FE2D718BF}.Debug|ARM64.Build.0 = Debug|ARM64
		{8FE9E78E-27F1-45B6-9343-599FE2D718BF}.Debug|x64.ActiveCfg = Debug|x64
		{8FE9E78E-27F1-45B6-9343-599FE2D718BF}.Debug|x64.Build.0 = Debug|x64
		{8FE9E78E-27F1-45B6-9343-599FE2D718BF}.Debug|x86.ActiveCfg = Debug|x86
		{8FE9E78E-27F1-45B6-9343-599FE2D718BF}.Debug|x86.Build.0 = Debug|x86
		{8FE9E78E-27F1-45B6-9343-599FE2D718BF}.Release|Any CPU.ActiveCfg = Release|Any CPU
		{8FE9E78E-27F1-45B6-9343-599FE2D718BF}.Release|Any CPU.Build.0 = Release|Any CPU
		{8FE9E78E-27F1-45B6-9343-599FE2D718BF}.Release|ARM.ActiveCfg = Release|ARM
		{8FE9E78E-27F1-45B6-9343-599FE2D718BF}.Release|ARM.Build.0 = Release|ARM
		{8FE9E78E-27F1-45B6-9343-599FE2D718BF}.Release|ARM64.ActiveCfg = Release|ARM64
		{8FE9E78E-27F1-45B6-9343-599FE2D718BF}.Release|ARM64.Build.0 = Release|ARM64
		{8FE9E78E-27F1-45B6-9343-599FE2D718BF}.Release|x64.ActiveCfg = Release|x64
		{8FE9E78E-27F1-45B6-9343-599FE2D718BF}.Release|x64.Build.0 = Release|x64
		{8FE9E78E-27F1-45B6-9343-599FE2D718BF}.Release|x86.ActiveCfg = Release|x86
		{8FE9E78E-27F1-45B6-9343-599FE2D718BF}.Release|x86.Build.0 = Release|x86
		{0204FFF1-CB2C-47D9-9877-680C14692FE4}.Debug|Any CPU.ActiveCfg = Debug|Any CPU
		{0204FFF1-CB2C-47D9-9877-680C14692FE4}.Debug|Any CPU.Build.0 = Debug|Any CPU
		{0204FFF1-CB2C-47D9-9877-680C14692FE4}.Debug|ARM.ActiveCfg = Debug|ARM
		{0204FFF1-CB2C-47D9-9877-680C14692FE4}.Debug|ARM.Build.0 = Debug|ARM
		{0204FFF1-CB2C-47D9-9877-680C14692FE4}.Debug|ARM64.ActiveCfg = Debug|ARM64
		{0204FFF1-CB2C-47D9-9877-680C14692FE4}.Debug|ARM64.Build.0 = Debug|ARM64
		{0204FFF1-CB2C-47D9-9877-680C14692FE4}.Debug|x64.ActiveCfg = Debug|x64
		{0204FFF1-CB2C-47D9-9877-680C14692FE4}.Debug|x64.Build.0 = Debug|x64
		{0204FFF1-CB2C-47D9-9877-680C14692FE4}.Debug|x86.ActiveCfg = Debug|x86
		{0204FFF1-CB2C-47D9-9877-680C14692FE4}.Debug|x86.Build.0 = Debug|x86
		{0204FFF1-CB2C-47D9-9877-680C14692FE4}.Release|Any CPU.ActiveCfg = Release|Any CPU
		{0204FFF1-CB2C-47D9-9877-680C14692FE4}.Release|Any CPU.Build.0 = Release|Any CPU
		{0204FFF1-CB2C-47D9-9877-680C14692FE4}.Release|ARM.ActiveCfg = Release|ARM
		{0204FFF1-CB2C-47D9-9877-680C14692FE4}.Release|ARM.Build.0 = Release|ARM
		{0204FFF1-CB2C-47D9-9877-680C14692FE4}.Release|ARM64.ActiveCfg = Release|ARM64
		{0204FFF1-CB2C-47D9-9877-680C14692FE4}.Release|ARM64.Build.0 = Release|ARM64
		{0204FFF1-CB2C-47D9-9877-680C14692FE4}.Release|x64.ActiveCfg = Release|x64
		{0204FFF1-CB2C-47D9-9877-680C14692FE4}.Release|x64.Build.0 = Release|x64
		{0204FFF1-CB2C-47D9-9877-680C14692FE4}.Release|x86.ActiveCfg = Release|x86
		{0204FFF1-CB2C-47D9-9877-680C14692FE4}.Release|x86.Build.0 = Release|x86
		{3DD785FF-5F5D-4A0D-B803-CA756688D012}.Debug|Any CPU.ActiveCfg = Debug|Any CPU
		{3DD785FF-5F5D-4A0D-B803-CA756688D012}.Debug|Any CPU.Build.0 = Debug|Any CPU
		{3DD785FF-5F5D-4A0D-B803-CA756688D012}.Debug|ARM.ActiveCfg = Debug|ARM
		{3DD785FF-5F5D-4A0D-B803-CA756688D012}.Debug|ARM.Build.0 = Debug|ARM
		{3DD785FF-5F5D-4A0D-B803-CA756688D012}.Debug|ARM64.ActiveCfg = Debug|ARM64
		{3DD785FF-5F5D-4A0D-B803-CA756688D012}.Debug|ARM64.Build.0 = Debug|ARM64
		{3DD785FF-5F5D-4A0D-B803-CA756688D012}.Debug|x64.ActiveCfg = Debug|x64
		{3DD785FF-5F5D-4A0D-B803-CA756688D012}.Debug|x64.Build.0 = Debug|x64
		{3DD785FF-5F5D-4A0D-B803-CA756688D012}.Debug|x86.ActiveCfg = Debug|x86
		{3DD785FF-5F5D-4A0D-B803-CA756688D012}.Debug|x86.Build.0 = Debug|x86
		{3DD785FF-5F5D-4A0D-B803-CA756688D012}.Release|Any CPU.ActiveCfg = Release|Any CPU
		{3DD785FF-5F5D-4A0D-B803-CA756688D012}.Release|Any CPU.Build.0 = Release|Any CPU
		{3DD785FF-5F5D-4A0D-B803-CA756688D012}.Release|ARM.ActiveCfg = Release|ARM
		{3DD785FF-5F5D-4A0D-B803-CA756688D012}.Release|ARM.Build.0 = Release|ARM
		{3DD785FF-5F5D-4A0D-B803-CA756688D012}.Release|ARM64.ActiveCfg = Release|ARM64
		{3DD785FF-5F5D-4A0D-B803-CA756688D012}.Release|ARM64.Build.0 = Release|ARM64
		{3DD785FF-5F5D-4A0D-B803-CA756688D012}.Release|x64.ActiveCfg = Release|x64
		{3DD785FF-5F5D-4A0D-B803-CA756688D012}.Release|x64.Build.0 = Release|x64
		{3DD785FF-5F5D-4A0D-B803-CA756688D012}.Release|x86.ActiveCfg = Release|x86
		{3DD785FF-5F5D-4A0D-B803-CA756688D012}.Release|x86.Build.0 = Release|x86
	EndGlobalSection
	GlobalSection(SolutionProperties) = preSolution
		HideSolutionNode = FALSE
	EndGlobalSection
	GlobalSection(ExtensibilityGlobals) = postSolution
		SolutionGuid = {DAFD7F73-ED30-47C2-ACD5-E1057A5FD8D6}
	EndGlobalSection
EndGlobal
